<?xml version="1.0" encoding="UTF-8" standalone="yes" ?>
<CodeBlocks_project_file>
	<FileVersion major="1" minor="6" />
	<Project>
		<Option title="TankPlus" />
		<Option pch_mode="2" />
		<Option compiler="gcc" />
		<Option virtualFolders="Sprite\;Main\;Draw\;Geometry\;Fathers\;SandBox\;Game\;Tools\;" />
		<Build>
			<Target title="Debug">
				<Option output="bin/Debug/Tank-Plus" prefix_auto="1" extension_auto="1" />
				<Option object_output="obj/Debug/" />
				<Option type="1" />
				<Option compiler="gcc" />
				<Compiler>
					<Add option="-g" />
					<Add directory="include" />
				</Compiler>
			</Target>
			<Target title="Release">
				<Option output="bin/Release/Tank-Plus" prefix_auto="1" extension_auto="1" />
				<Option object_output="obj/Release/" />
				<Option type="0" />
				<Option compiler="gcc" />
				<Compiler>
					<Add option="-O2" />
					<Add directory="include" />
				</Compiler>
			</Target>
		</Build>
		<Compiler>
			<Add option="-Wall" />
			<Add option="-std=c++11" />
			<Add directory="include" />
		</Compiler>
		<Linker>
			<Add library="opengl32" />
			<Add library="glu32" />
			<Add library="freeglut.dll" />
		</Linker>
		<Unit filename="include/Armor.h">
			<Option virtualFolder="Game/" />
		</Unit>
		<Unit filename="include/Ball.h">
			<Option virtualFolder="SandBox/" />
		</Unit>
		<Unit filename="include/Ball_Polygon.h">
			<Option virtualFolder="SandBox/" />
		</Unit>
		<Unit filename="include/Barrier.h">
			<Option virtualFolder="Game/" />
		</Unit>
		<Unit filename="include/Battlefield.h">
			<Option virtualFolder="Game/" />
		</Unit>
		<Unit filename="include/Body.h">
			<Option virtualFolder="SandBox/" />
		</Unit>
		<Unit filename="include/Buff.h">
			<Option virtualFolder="Game/" />
		</Unit>
		<Unit filename="include/Circle.h">
			<Option virtualFolder="Geometry/" />
		</Unit>
		<Unit filename="include/Color.h">
			<Option virtualFolder="Draw/" />
		</Unit>
		<Unit filename="include/DrawTool.h">
			<Option virtualFolder="Draw/" />
		</Unit>
		<Unit filename="include/Fathers.h">
			<Option virtualFolder="Fathers/" />
		</Unit>
		<Unit filename="include/Geo_Calc.h">
			<Option virtualFolder="Geometry/" />
		</Unit>
		<Unit filename="include/Geometry.h">
			<Option virtualFolder="Geometry/" />
		</Unit>
		<Unit filename="include/Hash.h">
			<Option virtualFolder="Tools/" />
		</Unit>
		<Unit filename="include/IMvector.h">
			<Option virtualFolder="Tools/" />
		</Unit>
		<Unit filename="include/IndexManager.h">
			<Option virtualFolder="Tools/" />
		</Unit>
		<Unit filename="include/Info.h">
			<Option virtualFolder="Game/" />
		</Unit>
		<Unit filename="include/Item.h">
			<Option virtualFolder="Game/" />
		</Unit>
		<Unit filename="include/Line.h">
			<Option virtualFolder="Geometry/" />
		</Unit>
		<Unit filename="include/Module.h">
			<Option virtualFolder="Game/" />
		</Unit>
		<Unit filename="include/Player.h">
			<Option virtualFolder="Game/" />
		</Unit>
		<Unit filename="include/Point.h">
			<Option virtualFolder="Geometry/" />
		</Unit>
		<Unit filename="include/Polygon.h">
			<Option virtualFolder="Geometry/" />
		</Unit>
		<Unit filename="include/Rect.h">
			<Option virtualFolder="Draw/" />
		</Unit>
		<Unit filename="include/SandBox.h">
			<Option virtualFolder="SandBox/" />
		</Unit>
		<Unit filename="include/Sensor.h">
			<Option virtualFolder="Game/" />
		</Unit>
		<Unit filename="include/Sensor_Shell.h">
			<Option virtualFolder="Game/" />
		</Unit>
		<Unit filename="include/Sensor_Tank.h">
			<Option virtualFolder="Game/" />
		</Unit>
		<Unit filename="include/Shell.h">
			<Option virtualFolder="Game/" />
		</Unit>
		<Unit filename="include/Sprite_Base.h">
			<Option virtualFolder="Sprite/" />
		</Unit>
		<Unit filename="include/Sprite_Circle.h">
			<Option virtualFolder="Sprite/" />
		</Unit>
		<Unit filename="include/Sprite_Polygon.h">
			<Option virtualFolder="Sprite/" />
		</Unit>
		<Unit filename="include/Sprite_SandBox.h">
			<Option virtualFolder="Sprite/" />
		</Unit>
		<Unit filename="include/Tank.h">
			<Option virtualFolder="Game/" />
		</Unit>
		<Unit filename="include/Target.h">
			<Option virtualFolder="Game/" />
		</Unit>
		<Unit filename="include/Tmap.h">
			<Option virtualFolder="Game/" />
		</Unit>
		<Unit filename="include/Wall.h">
			<Option virtualFolder="SandBox/" />
		</Unit>
		<Unit filename="include/Weapon.h">
			<Option virtualFolder="Game/" />
		</Unit>
		<Unit filename="src/Ball.cpp">
			<Option virtualFolder="SandBox/" />
		</Unit>
		<Unit filename="src/Ball_Polygon.cpp">
			<Option virtualFolder="SandBox/" />
		</Unit>
		<Unit filename="src/Circle.cpp">
			<Option virtualFolder="Geometry/" />
		</Unit>
		<Unit filename="src/Color.cpp">
			<Option virtualFolder="Draw/" />
		</Unit>
		<Unit filename="src/DrawTool.cpp">
			<Option virtualFolder="Draw/" />
		</Unit>
		<Unit filename="src/Fathers.cpp">
			<Option virtualFolder="Fathers/" />
		</Unit>
		<Unit filename="src/Geo_Calc.cpp">
			<Option virtualFolder="Geometry/" />
		</Unit>
		<Unit filename="src/Hash.cpp">
			<Option virtualFolder="Tools/" />
		</Unit>
		<Unit filename="src/IndexManager.cpp">
			<Option virtualFolder="Tools/" />
		</Unit>
		<Unit filename="src/Line.cpp">
			<Option virtualFolder="Geometry/" />
		</Unit>
		<Unit filename="src/Point.cpp">
			<Option virtualFolder="Geometry/" />
		</Unit>
		<Unit filename="src/Polygon.cpp">
			<Option virtualFolder="Geometry/" />
		</Unit>
		<Unit filename="src/Rect.cpp">
			<Option virtualFolder="Draw/" />
		</Unit>
		<Unit filename="src/SandBox.cpp">
			<Option virtualFolder="SandBox/" />
		</Unit>
		<Unit filename="src/Sprite_Circle.cpp">
			<Option virtualFolder="Sprite/" />
		</Unit>
		<Unit filename="src/Sprite_Polygon.cpp">
			<Option virtualFolder="Sprite/" />
		</Unit>
		<Unit filename="src/Sprite_SandBox.cpp">
			<Option virtualFolder="Sprite/" />
		</Unit>
		<Unit filename="src/Wall.cpp">
			<Option virtualFolder="SandBox/" />
		</Unit>
		<Unit filename="src/main.cpp">
			<Option virtualFolder="Main/" />
		</Unit>
		<Extensions>
			<code_completion />
			<debugger />
			<envvars />
		</Extensions>
	</Project>
</CodeBlocks_project_file>
